
Microsoft Visual Studio Solution File, Format Version 11.00
# Visual Studio 2010
Project("{FAE04EC0-301F-11D3-BF4B-00C04F79EFBC}") = "HelloWCFHost", "HelloWCFHost\HelloWCFHost.csproj", "{1FFBD358-0CF6-4F03-89F7-8A9F57ACE8AE}"
EndProject
Project("{FAE04EC0-301F-11D3-BF4B-00C04F79EFBC}") = "HelloWCF", "HelloWCF\HelloWCF.csproj", "{D26A4E74-D61A-484E-B238-A6DB0E94538C}"
EndProject
Project("{FAE04EC0-301F-11D3-BF4B-00C04F79EFBC}") = "HelloWCFClient", "HelloWCFClient\HelloWCFClient.csproj", "{CCC0E573-9AA9-4FBD-83F4-44BABC94A236}"
EndProject
Global
	GlobalSection(SolutionConfigurationPlatforms) = preSolution
		Debug|Any CPU = Debug|Any CPU
		Debug|Mixed Platforms = Debug|Mixed Platforms
		Debug|x86 = Debug|x86
		Release|Any CPU = Release|Any CPU
		Release|Mixed Platforms = Release|Mixed Platforms
		Release|x86 = Release|x86
	EndGlobalSection
	GlobalSection(ProjectConfigurationPlatforms) = postSolution
		{1FFBD358-0CF6-4F03-89F7-8A9F57ACE8AE}.Debug|Any CPU.ActiveCfg = Debug|x86
		{1FFBD358-0CF6-4F03-89F7-8A9F57ACE8AE}.Debug|Mixed Platforms.ActiveCfg = Debug|x86
		{1FFBD358-0CF6-4F03-89F7-8A9F57ACE8AE}.Debug|Mixed Platforms.Build.0 = Debug|x86
		{1FFBD358-0CF6-4F03-89F7-8A9F57ACE8AE}.Debug|x86.ActiveCfg = Debug|x86
		{1FFBD358-0CF6-4F03-89F7-8A9F57ACE8AE}.Debug|x86.Build.0 = Debug|x86
		{1FFBD358-0CF6-4F03-89F7-8A9F57ACE8AE}.Release|Any CPU.ActiveCfg = Release|x86
		{1FFBD358-0CF6-4F03-89F7-8A9F57ACE8AE}.Release|Mixed Platforms.ActiveCfg = Release|x86
		{1FFBD358-0CF6-4F03-89F7-8A9F57ACE8AE}.Release|Mixed Platforms.Build.0 = Release|x86
		{1FFBD358-0CF6-4F03-89F7-8A9F57ACE8AE}.Release|x86.ActiveCfg = Release|x86
		{1FFBD358-0CF6-4F03-89F7-8A9F57ACE8AE}.Release|x86.Build.0 = Release|x86
		{D26A4E74-D61A-484E-B238-A6DB0E94538C}.Debug|Any CPU.ActiveCfg = Debug|Any CPU
		{D26A4E74-D61A-484E-B238-A6DB0E94538C}.Debug|Any CPU.Build.0 = Debug|Any CPU
		{D26A4E74-D61A-484E-B238-A6DB0E94538C}.Debug|Mixed Platforms.ActiveCfg = Debug|Any CPU
		{D26A4E74-D61A-484E-B238-A6DB0E94538C}.Debug|Mixed Platforms.Build.0 = Debug|Any CPU
		{D26A4E74-D61A-484E-B238-A6DB0E94538C}.Debug|x86.ActiveCfg = Debug|Any CPU
		{D26A4E74-D61A-484E-B238-A6DB0E94538C}.Release|Any CPU.ActiveCfg = Release|Any CPU
		{D26A4E74-D61A-484E-B238-A6DB0E94538C}.Release|Any CPU.Build.0 = Release|Any CPU
		{D26A4E74-D61A-484E-B238-A6DB0E94538C}.Release|Mixed Platforms.ActiveCfg = Release|Any CPU
		{D26A4E74-D61A-484E-B238-A6DB0E94538C}.Release|Mixed Platforms.Build.0 = Release|Any CPU
		{D26A4E74-D61A-484E-B238-A6DB0E94538C}.Release|x86.ActiveCfg = Release|Any CPU
		{CCC0E573-9AA9-4FBD-83F4-44BABC94A236}.Debug|Any CPU.ActiveCfg = Debug|x86
		{CCC0E573-9AA9-4FBD-83F4-44BABC94A236}.Debug|Mixed Platforms.ActiveCfg = Debug|x86
		{CCC0E573-9AA9-4FBD-83F4-44BABC94A236}.Debug|Mixed Platforms.Build.0 = Debug|x86
		{CCC0E573-9AA9-4FBD-83F4-44BABC94A236}.Debug|x86.ActiveCfg = Debug|x86
		{CCC0E573-9AA9-4FBD-83F4-44BABC94A236}.Debug|x86.Build.0 = Debug|x86
		{CCC0E573-9AA9-4FBD-83F4-44BABC94A236}.Release|Any CPU.ActiveCfg = Release|x86
		{CCC0E573-9AA9-4FBD-83F4-44BABC94A236}.Release|Mixed Platforms.ActiveCfg = Release|x86
		{CCC0E573-9AA9-4FBD-83F4-44BABC94A236}.Release|Mixed Platforms.Build.0 = Release|x86
		{CCC0E573-9AA9-4FBD-83F4-44BABC94A236}.Release|x86.ActiveCfg = Release|x86
		{CCC0E573-9AA9-4FBD-83F4-44BABC94A236}.Release|x86.Build.0 = Release|x86
	EndGlobalSection
	GlobalSection(SolutionProperties) = preSolution
		HideSolutionNode = FALSE
	EndGlobalSection
EndGlobal
